
Microsoft Visual Studio Solution File, Format Version 12.00
# Visual Studio Version 17
VisualStudioVersion = 17.1.32210.238
MinimumVisualStudioVersion = 10.0.40219.1
Project("{FAE04EC0-301F-11D3-BF4B-00C04F79EFBC}") = "Ficha12", "Ficha12\Ficha12.csproj", "{C67A93BA-36BF-486B-A974-B366AEC30417}"
EndProject
Global
	GlobalSection(SolutionConfigurationPlatforms) = preSolution
		Debug|Any CPU = Debug|Any CPU
		Release|Any CPU = Release|Any CPU
	EndGlobalSection
	GlobalSection(ProjectConfigurationPlatforms) = postSolution
		{C67A93BA-36BF-486B-A974-B366AEC30417}.Debug|Any CPU.ActiveCfg = Debug|Any CPU
		{C67A93BA-36BF-486B-A974-B366AEC30417}.Debug|Any CPU.Build.0 = Debug|Any CPU
		{C67A93BA-36BF-486B-A974-B366AEC30417}.Release|Any CPU.ActiveCfg = Release|Any CPU
		{C67A93BA-36BF-486B-A974-B366AEC30417}.Release|Any CPU.Build.0 = Release|Any CPU
	EndGlobalSection
	GlobalSection(SolutionProperties) = preSolution
		HideSolutionNode = FALSE
	EndGlobalSection
	GlobalSection(ExtensibilityGlobals) = postSolution
		SolutionGuid = {DA3C8B35-6DDC-42EE-8C84-641BEC81DD68}
	EndGlobalSection
EndGlobal
